
Microsoft Visual Studio Solution File, Format Version 12.00
# Visual Studio 15
VisualStudioVersion = 15.0.27130.2010
MinimumVisualStudioVersion = 10.0.40219.1
Project("{FAE04EC0-301F-11D3-BF4B-00C04F79EFBC}") = "SharedSvgSample.Android", "SharedSvgSample.Android\SharedSvgSample.Android.csproj", "{3D3AEFD2-36B8-4C68-B944-3E09DFB55881}"
EndProject
Project("{FAE04EC0-301F-11D3-BF4B-00C04F79EFBC}") = "SharedSvgSample.iOS", "SharedSvgSample.iOS\SharedSvgSample.iOS.csproj", "{C8F9B953-4EEF-47D5-91AE-37EA9C1076AE}"
EndProject
Project("{FAE04EC0-301F-11D3-BF4B-00C04F79EFBC}") = "SharedSvgSample.UWP", "SharedSvgSample.UWP\SharedSvgSample.UWP.csproj", "{1CECC8A3-B4C2-4752-ADEF-3B1A8501FA64}"
EndProject
Project("{FAE04EC0-301F-11D3-BF4B-00C04F79EFBC}") = "SharedSvgSample", "SharedSvgSample\SharedSvgSample.csproj", "{9C5BC909-E0D0-4B42-BDA9-F88890D2F7BF}"
EndProject
Global
	GlobalSection(SolutionConfigurationPlatforms) = preSolution
		Ad-Hoc|Any CPU = Ad-Hoc|Any CPU
		Ad-Hoc|ARM = Ad-Hoc|ARM
		Ad-Hoc|iPhone = Ad-Hoc|iPhone
		Ad-Hoc|iPhoneSimulator = Ad-Hoc|iPhoneSimulator
		Ad-Hoc|x64 = Ad-Hoc|x64
		Ad-Hoc|x86 = Ad-Hoc|x86
		AppStore|Any CPU = AppStore|Any CPU
		AppStore|ARM = AppStore|ARM
		AppStore|iPhone = AppStore|iPhone
		AppStore|iPhoneSimulator = AppStore|iPhoneSimulator
		AppStore|x64 = AppStore|x64
		AppStore|x86 = AppStore|x86
		Debug|Any CPU = Debug|Any CPU
		Debug|ARM = Debug|ARM
		Debug|iPhone = Debug|iPhone
		Debug|iPhoneSimulator = Debug|iPhoneSimulator
		Debug|x64 = Debug|x64
		Debug|x86 = Debug|x86
		Release|Any CPU = Release|Any CPU
		Release|ARM = Release|ARM
		Release|iPhone = Release|iPhone
		Release|iPhoneSimulator = Release|iPhoneSimulator
		Release|x64 = Release|x64
		Release|x86 = Release|x86
	EndGlobalSection
	GlobalSection(ProjectConfigurationPlatforms) = postSolution
		{3D3AEFD2-36B8-4C68-B944-3E09DFB55881}.Ad-Hoc|Any CPU.ActiveCfg = Release|Any CPU
		{3D3AEFD2-36B8-4C68-B944-3E09DFB55881}.Ad-Hoc|Any CPU.Build.0 = Release|Any CPU
		{3D3AEFD2-36B8-4C68-B944-3E09DFB55881}.Ad-Hoc|Any CPU.Deploy.0 = Release|Any CPU
		{3D3AEFD2-36B8-4C68-B944-3E09DFB55881}.Ad-Hoc|ARM.ActiveCfg = Release|Any CPU
		{3D3AEFD2-36B8-4C68-B944-3E09DFB55881}.Ad-Hoc|ARM.Build.0 = Release|Any CPU
		{3D3AEFD2-36B8-4C68-B944-3E09DFB55881}.Ad-Hoc|ARM.Deploy.0 = Release|Any CPU
		{3D3AEFD2-36B8-4C68-B944-3E09DFB55881}.Ad-Hoc|iPhone.ActiveCfg = Release|Any CPU
		{3D3AEFD2-36B8-4C68-B944-3E09DFB55881}.Ad-Hoc|iPhone.Build.0 = Release|Any CPU
		{3D3AEFD2-36B8-4C68-B944-3E09DFB55881}.Ad-Hoc|iPhone.Deploy.0 = Release|Any CPU
		{3D3AEFD2-36B8-4C68-B944-3E09DFB55881}.Ad-Hoc|iPhoneSimulator.ActiveCfg = Release|Any CPU
		{3D3AEFD2-36B8-4C68-B944-3E09DFB55881}.Ad-Hoc|iPhoneSimulator.Build.0 = Release|Any CPU
		{3D3AEFD2-36B8-4C68-B944-3E09DFB55881}.Ad-Hoc|iPhoneSimulator.Deploy.0 = Release|Any CPU
		{3D3AEFD2-36B8-4C68-B944-3E09DFB55881}.Ad-Hoc|x64.ActiveCfg = Release|Any CPU
		{3D3AEFD2-36B8-4C68-B944-3E09DFB55881}.Ad-Hoc|x64.Build.0 = Release|Any CPU
		{3D3AEFD2-36B8-4C68-B944-3E09DFB55881}.Ad-Hoc|x64.Deploy.0 = Release|Any CPU
		{3D3AEFD2-36B8-4C68-B944-3E09DFB55881}.Ad-Hoc|x86.ActiveCfg = Release|Any CPU
		{3D3AEFD2-36B8-4C68-B944-3E09DFB55881}.Ad-Hoc|x86.Build.0 = Release|Any CPU
		{3D3AEFD2-36B8-4C68-B944-3E09DFB55881}.Ad-Hoc|x86.Deploy.0 = Release|Any CPU
		{3D3AEFD2-36B8-4C68-B944-3E09DFB55881}.AppStore|Any CPU.ActiveCfg = Release|Any CPU
		{3D3AEFD2-36B8-4C68-B944-3E09DFB55881}.AppStore|Any CPU.Build.0 = Release|Any CPU
		{3D3AEFD2-36B8-4C68-B944-3E09DFB55881}.AppStore|Any CPU.Deploy.0 = Release|Any CPU
		{3D3AEFD2-36B8-4C68-B944-3E09DFB55881}.AppStore|ARM.ActiveCfg = Release|Any CPU
		{3D3AEFD2-36B8-4C68-B944-3E09DFB55881}.AppStore|ARM.Build.0 = Release|Any CPU
		{3D3AEFD2-36B8-4C68-B944-3E09DFB55881}.AppStore|ARM.Deploy.0 = Release|Any CPU
		{3D3AEFD2-36B8-4C68-B944-3E09DFB55881}.AppStore|iPhone.ActiveCfg = Release|Any CPU
		{3D3AEFD2-36B8-4C68-B944-3E09DFB55881}.AppStore|iPhone.Build.0 = Release|Any CPU
		{3D3AEFD2-36B8-4C68-B944-3E09DFB55881}.AppStore|iPhone.Deploy.0 = Release|Any CPU
		{3D3AEFD2-36B8-4C68-B944-3E09DFB55881}.AppStore|iPhoneSimulator.ActiveCfg = Release|Any CPU
		{3D3AEFD2-36B8-4C68-B944-3E09DFB55881}.AppStore|iPhoneSimulator.Build.0 = Release|Any CPU
		{3D3AEFD2-36B8-4C68-B944-3E09DFB55881}.AppStore|iPhoneSimulator.Deploy.0 = Release|Any CPU
		{3D3AEFD2-36B8-4C68-B944-3E09DFB55881}.AppStore|x64.ActiveCfg = Release|Any CPU
		{3D3AEFD2-36B8-4C68-B944-3E09DFB55881}.AppStore|x64.Build.0 = Release|Any CPU
		{3D3AEFD2-36B8-4C68-B944-3E09DFB55881}.AppStore|x64.Deploy.0 = Release|Any CPU
		{3D3AEFD2-36B8-4C68-B944-3E09DFB55881}.AppStore|x86.ActiveCfg = Release|Any CPU
		{3D3AEFD2-36B8-4C68-B944-3E09DFB55881}.AppStore|x86.Build.0 = Release|Any CPU
		{3D3AEFD2-36B8-4C68-B944-3E09DFB55881}.AppStore|x86.Deploy.0 = Release|Any CPU
		{3D3AEFD2-36B8-4C68-B944-3E09DFB55881}.Debug|Any CPU.ActiveCfg = Debug|Any CPU
		{3D3AEFD2-36B8-4C68-B944-3E09DFB55881}.Debug|Any CPU.Build.0 = Debug|Any CPU
		{3D3AEFD2-36B8-4C68-B944-3E09DFB55881}.Debug|Any CPU.Deploy.0 = Debug|Any CPU
		{3D3AEFD2-36B8-4C68-B944-3E09DFB55881}.Debug|ARM.ActiveCfg = Debug|Any CPU
		{3D3AEFD2-36B8-4C68-B944-3E09DFB55881}.Debug|ARM.Build.0 = Debug|Any CPU
		{3D3AEFD2-36B8-4C68-B944-3E09DFB55881}.Debug|ARM.Deploy.0 = Debug|Any CPU
		{3D3AEFD2-36B8-4C68-B944-3E09DFB55881}.Debug|iPhone.ActiveCfg = Debug|Any CPU
		{3D3AEFD2-36B8-4C68-B944-3E09DFB55881}.Debug|iPhone.Build.0 = Debug|Any CPU
		{3D3AEFD2-36B8-4C68-B944-3E09DFB55881}.Debug|iPhone.Deploy.0 = Debug|Any CPU
		{3D3AEFD2-36B8-4C68-B944-3E09DFB55881}.Debug|iPhoneSimulator.ActiveCfg = Debug|Any CPU
		{3D3AEFD2-36B8-4C68-B944-3E09DFB55881}.Debug|iPhoneSimulator.Build.0 = Debug|Any CPU
		{3D3AEFD2-36B8-4C68-B944-3E09DFB55881}.Debug|iPhoneSimulator.Deploy.0 = Debug|Any CPU
		{3D3AEFD2-36B8-4C68-B944-3E09DFB55881}.Debug|x64.ActiveCfg = Debug|Any CPU
		{3D3AEFD2-36B8-4C68-B944-3E09DFB55881}.Debug|x64.Build.0 = Debug|Any CPU
		{3D3AEFD2-36B8-4C68-B944-3E09DFB55881}.Debug|x64.Deploy.0 = Debug|Any CPU
		{3D3AEFD2-36B8-4C68-B944-3E09DFB55881}.Debug|x86.ActiveCfg = Debug|Any CPU
		{3D3AEFD2-36B8-4C68-B944-3E09DFB55881}.Debug|x86.Build.0 = Debug|Any CPU
		{3D3AEFD2-36B8-4C68-B944-3E09DFB55881}.Debug|x86.Deploy.0 = Debug|Any CPU
		{3D3AEFD2-36B8-4C68-B944-3E09DFB55881}.Release|Any CPU.ActiveCfg = Release|Any CPU
		{3D3AEFD2-36B8-4C68-B944-3E09DFB55881}.Release|Any CPU.Build.0 = Release|Any CPU
		{3D3AEFD2-36B8-4C68-B944-3E09DFB55881}.Release|Any CPU.Deploy.0 = Release|Any CPU
		{3D3AEFD2-36B8-4C68-B944-3E09DFB55881}.Release|ARM.ActiveCfg = Release|Any CPU
		{3D3AEFD2-36B8-4C68-B944-3E09DFB55881}.Release|ARM.Build.0 = Release|Any CPU
		{3D3AEFD2-36B8-4C68-B944-3E09DFB55881}.Release|ARM.Deploy.0 = Release|Any CPU
		{3D3AEFD2-36B8-4C68-B944-3E09DFB55881}.Release|iPhone.ActiveCfg = Release|Any CPU
		{3D3AEFD2-36B8-4C68-B944-3E09DFB55881}.Release|iPhone.Build.0 = Release|Any CPU
		{3D3AEFD2-36B8-4C68-B944-3E09DFB55881}.Release|iPhone.Deploy.0 = Release|Any CPU
		{3D3AEFD2-36B8-4C68-B944-3E09DFB55881}.Release|iPhoneSimulator.ActiveCfg = Release|Any CPU
		{3D3AEFD2-36B8-4C68-B944-3E09DFB55881}.Release|iPhoneSimulator.Build.0 = Release|Any CPU
		{3D3AEFD2-36B8-4C68-B944-3E09DFB55881}.Release|iPhoneSimulator.Deploy.0 = Release|Any CPU
		{3D3AEFD2-36B8-4C68-B944-3E09DFB55881}.Release|x64.ActiveCfg = Release|Any CPU
		{3D3AEFD2-36B8-4C68-B944-3E09DFB55881}.Release|x64.Build.0 = Release|Any CPU
		{3D3AEFD2-36B8-4C68-B944-3E09DFB55881}.Release|x64.Deploy.0 = Release|Any CPU
		{3D3AEFD2-36B8-4C68-B944-3E09DFB55881}.Release|x86.ActiveCfg = Release|Any CPU
		{3D3AEFD2-36B8-4C68-B944-3E09DFB55881}.Release|x86.Build.0 = Release|Any CPU
		{3D3AEFD2-36B8-4C68-B944-3E09DFB55881}.Release|x86.Deploy.0 = Release|Any CPU
		{C8F9B953-4EEF-47D5-91AE-37EA9C1076AE}.Ad-Hoc|Any CPU.ActiveCfg = Ad-Hoc|iPhone
		{C8F9B953-4EEF-47D5-91AE-37EA9C1076AE}.Ad-Hoc|ARM.ActiveCfg = Ad-Hoc|iPhone
		{C8F9B953-4EEF-47D5-91AE-37EA9C1076AE}.Ad-Hoc|iPhone.ActiveCfg = Ad-Hoc|iPhone
		{C8F9B953-4EEF-47D5-91AE-37EA9C1076AE}.Ad-Hoc|iPhone.Build.0 = Ad-Hoc|iPhone
		{C8F9B953-4EEF-47D5-91AE-37EA9C1076AE}.Ad-Hoc|iPhoneSimulator.ActiveCfg = Ad-Hoc|iPhoneSimulator
		{C8F9B953-4EEF-47D5-91AE-37EA9C1076AE}.Ad-Hoc|iPhoneSimulator.Build.0 = Ad-Hoc|iPhoneSimulator
		{C8F9B953-4EEF-47D5-91AE-37EA9C1076AE}.Ad-Hoc|x64.ActiveCfg = Ad-Hoc|iPhone
		{C8F9B953-4EEF-47D5-91AE-37EA9C1076AE}.Ad-Hoc|x86.ActiveCfg = Ad-Hoc|iPhone
		{C8F9B953-4EEF-47D5-91AE-37EA9C1076AE}.AppStore|Any CPU.ActiveCfg = AppStore|iPhone
		{C8F9B953-4EEF-47D5-91AE-37EA9C1076AE}.AppStore|ARM.ActiveCfg = AppStore|iPhone
		{C8F9B953-4EEF-47D5-91AE-37EA9C1076AE}.AppStore|iPhone.ActiveCfg = AppStore|iPhone
		{C8F9B953-4EEF-47D5-91AE-37EA9C1076AE}.AppStore|iPhone.Build.0 = AppStore|iPhone
		{C8F9B953-4EEF-47D5-91AE-37EA9C1076AE}.AppStore|iPhoneSimulator.ActiveCfg = AppStore|iPhoneSimulator
		{C8F9B953-4EEF-47D5-91AE-37EA9C1076AE}.AppStore|iPhoneSimulator.Build.0 = AppStore|iPhoneSimulator
		{C8F9B953-4EEF-47D5-91AE-37EA9C1076AE}.AppStore|x64.ActiveCfg = AppStore|iPhone
		{C8F9B953-4EEF-47D5-91AE-37EA9C1076AE}.AppStore|x86.ActiveCfg = AppStore|iPhone
		{C8F9B953-4EEF-47D5-91AE-37EA9C1076AE}.Debug|Any CPU.ActiveCfg = Debug|iPhone
		{C8F9B953-4EEF-47D5-91AE-37EA9C1076AE}.Debug|ARM.ActiveCfg = Debug|iPhone
		{C8F9B953-4EEF-47D5-91AE-37EA9C1076AE}.Debug|iPhone.ActiveCfg = Debug|iPhone
		{C8F9B953-4EEF-47D5-91AE-37EA9C1076AE}.Debug|iPhone.Build.0 = Debug|iPhone
		{C8F9B953-4EEF-47D5-91AE-37EA9C1076AE}.Debug|iPhoneSimulator.ActiveCfg = Debug|iPhoneSimulator
		{C8F9B953-4EEF-47D5-91AE-37EA9C1076AE}.Debug|iPhoneSimulator.Build.0 = Debug|iPhoneSimulator
		{C8F9B953-4EEF-47D5-91AE-37EA9C1076AE}.Debug|x64.ActiveCfg = Debug|iPhone
		{C8F9B953-4EEF-47D5-91AE-37EA9C1076AE}.Debug|x86.ActiveCfg = Debug|iPhone
		{C8F9B953-4EEF-47D5-91AE-37EA9C1076AE}.Release|Any CPU.ActiveCfg = Release|iPhone
		{C8F9B953-4EEF-47D5-91AE-37EA9C1076AE}.Release|ARM.ActiveCfg = Release|iPhone
		{C8F9B953-4EEF-47D5-91AE-37EA9C1076AE}.Release|iPhone.ActiveCfg = Release|iPhone
		{C8F9B953-4EEF-47D5-91AE-37EA9C1076AE}.Release|iPhone.Build.0 = Release|iPhone
		{C8F9B953-4EEF-47D5-91AE-37EA9C1076AE}.Release|iPhoneSimulator.ActiveCfg = Release|iPhoneSimulator
		{C8F9B953-4EEF-47D5-91AE-37EA9C1076AE}.Release|iPhoneSimulator.Build.0 = Release|iPhoneSimulator
		{C8F9B953-4EEF-47D5-91AE-37EA9C1076AE}.Release|x64.ActiveCfg = Release|iPhone
		{C8F9B953-4EEF-47D5-91AE-37EA9C1076AE}.Release|x86.ActiveCfg = Release|iPhone
		{1CECC8A3-B4C2-4752-ADEF-3B1A8501FA64}.Ad-Hoc|Any CPU.ActiveCfg = Release|x86
		{1CECC8A3-B4C2-4752-ADEF-3B1A8501FA64}.Ad-Hoc|Any CPU.Build.0 = Release|x86
		{1CECC8A3-B4C2-4752-ADEF-3B1A8501FA64}.Ad-Hoc|Any CPU.Deploy.0 = Release|x86
		{1CECC8A3-B4C2-4752-ADEF-3B1A8501FA64}.Ad-Hoc|ARM.ActiveCfg = Release|ARM
		{1CECC8A3-B4C2-4752-ADEF-3B1A8501FA64}.Ad-Hoc|ARM.Build.0 = Release|ARM
		{1CECC8A3-B4C2-4752-ADEF-3B1A8501FA64}.Ad-Hoc|ARM.Deploy.0 = Release|ARM
		{1CECC8A3-B4C2-4752-ADEF-3B1A8501FA64}.Ad-Hoc|iPhone.ActiveCfg = Release|x86
		{1CECC8A3-B4C2-4752-ADEF-3B1A8501FA64}.Ad-Hoc|iPhone.Build.0 = Release|x86
		{1CECC8A3-B4C2-4752-ADEF-3B1A8501FA64}.Ad-Hoc|iPhone.Deploy.0 = Release|x86
		{1CECC8A3-B4C2-4752-ADEF-3B1A8501FA64}.Ad-Hoc|iPhoneSimulator.ActiveCfg = Release|x86
		{1CECC8A3-B4C2-4752-ADEF-3B1A8501FA64}.Ad-Hoc|iPhoneSimulator.Build.0 = Release|x86
		{1CECC8A3-B4C2-4752-ADEF-3B1A8501FA64}.Ad-Hoc|iPhoneSimulator.Deploy.0 = Release|x86
		{1CECC8A3-B4C2-4752-ADEF-3B1A8501FA64}.Ad-Hoc|x64.ActiveCfg = Release|x64
		{1CECC8A3-B4C2-4752-ADEF-3B1A8501FA64}.Ad-Hoc|x64.Build.0 = Release|x64
		{1CECC8A3-B4C2-4752-ADEF-3B1A8501FA64}.Ad-Hoc|x64.Deploy.0 = Release|x64
		{1CECC8A3-B4C2-4752-ADEF-3B1A8501FA64}.Ad-Hoc|x86.ActiveCfg = Release|x86
		{1CECC8A3-B4C2-4752-ADEF-3B1A8501FA64}.Ad-Hoc|x86.Build.0 = Release|x86
		{1CECC8A3-B4C2-4752-ADEF-3B1A8501FA64}.Ad-Hoc|x86.Deploy.0 = Release|x86
		{1CECC8A3-B4C2-4752-ADEF-3B1A8501FA64}.AppStore|Any CPU.ActiveCfg = Release|x86
		{1CECC8A3-B4C2-4752-ADEF-3B1A8501FA64}.AppStore|Any CPU.Build.0 = Release|x86
		{1CECC8A3-B4C2-4752-ADEF-3B1A8501FA64}.AppStore|Any CPU.Deploy.0 = Release|x86
		{1CECC8A3-B4C2-4752-ADEF-3B1A8501FA64}.AppStore|ARM.ActiveCfg = Release|ARM
		{1CECC8A3-B4C2-4752-ADEF-3B1A8501FA64}.AppStore|ARM.Build.0 = Release|ARM
		{1CECC8A3-B4C2-4752-ADEF-3B1A8501FA64}.AppStore|ARM.Deploy.0 = Release|ARM
		{1CECC8A3-B4C2-4752-ADEF-3B1A8501FA64}.AppStore|iPhone.ActiveCfg = Release|x86
		{1CECC8A3-B4C2-4752-ADEF-3B1A8501FA64}.AppStore|iPhone.Build.0 = Release|x86
		{1CECC8A3-B4C2-4752-ADEF-3B1A8501FA64}.AppStore|iPhone.Deploy.0 = Release|x86
		{1CECC8A3-B4C2-4752-ADEF-3B1A8501FA64}.AppStore|iPhoneSimulator.ActiveCfg = Release|x86
		{1CECC8A3-B4C2-4752-ADEF-3B1A8501FA64}.AppStore|iPhoneSimulator.Build.0 = Release|x86
		{1CECC8A3-B4C2-4752-ADEF-3B1A8501FA64}.AppStore|iPhoneSimulator.Deploy.0 = Release|x86
		{1CECC8A3-B4C2-4752-ADEF-3B1A8501FA64}.AppStore|x64.ActiveCfg = Release|x64
		{1CECC8A3-B4C2-4752-ADEF-3B1A8501FA64}.AppStore|x64.Build.0 = Release|x64
		{1CECC8A3-B4C2-4752-ADEF-3B1A8501FA64}.AppStore|x64.Deploy.0 = Release|x64
		{1CECC8A3-B4C2-4752-ADEF-3B1A8501FA64}.AppStore|x86.ActiveCfg = Release|x86
		{1CECC8A3-B4C2-4752-ADEF-3B1A8501FA64}.AppStore|x86.Build.0 = Release|x86
		{1CECC8A3-B4C2-4752-ADEF-3B1A8501FA64}.AppStore|x86.Deploy.0 = Release|x86
		{1CECC8A3-B4C2-4752-ADEF-3B1A8501FA64}.Debug|Any CPU.ActiveCfg = Debug|x86
		{1CECC8A3-B4C2-4752-ADEF-3B1A8501FA64}.Debug|ARM.ActiveCfg = Debug|ARM
		{1CECC8A3-B4C2-4752-ADEF-3B1A8501FA64}.Debug|ARM.Build.0 = Debug|ARM
		{1CECC8A3-B4C2-4752-ADEF-3B1A8501FA64}.Debug|ARM.Deploy.0 = Debug|ARM
		{1CECC8A3-B4C2-4752-ADEF-3B1A8501FA64}.Debug|iPhone.ActiveCfg = Debug|x86
		{1CECC8A3-B4C2-4752-ADEF-3B1A8501FA64}.Debug|iPhoneSimulator.ActiveCfg = Debug|x86
		{1CECC8A3-B4C2-4752-ADEF-3B1A8501FA64}.Debug|x64.ActiveCfg = Debug|x64
		{1CECC8A3-B4C2-4752-ADEF-3B1A8501FA64}.Debug|x64.Build.0 = Debug|x64
		{1CECC8A3-B4C2-4752-ADEF-3B1A8501FA64}.Debug|x64.Deploy.0 = Debug|x64
		{1CECC8A3-B4C2-4752-ADEF-3B1A8501FA64}.Debug|x86.ActiveCfg = Debug|x86
		{1CECC8A3-B4C2-4752-ADEF-3B1A8501FA64}.Debug|x86.Build.0 = Debug|x86
		{1CECC8A3-B4C2-4752-ADEF-3B1A8501FA64}.Debug|x86.Deploy.0 = Debug|x86
		{1CECC8A3-B4C2-4752-ADEF-3B1A8501FA64}.Release|Any CPU.ActiveCfg = Release|x86
		{1CECC8A3-B4C2-4752-ADEF-3B1A8501FA64}.Release|ARM.ActiveCfg = Release|ARM
		{1CECC8A3-B4C2-4752-ADEF-3B1A8501FA64}.Release|ARM.Build.0 = Release|ARM
		{1CECC8A3-B4C2-4752-ADEF-3B1A8501FA64}.Release|ARM.Deploy.0 = Release|ARM
		{1CECC8A3-B4C2-4752-ADEF-3B1A8501FA64}.Release|iPhone.ActiveCfg = Release|x86
		{1CECC8A3-B4C2-4752-ADEF-3B1A8501FA64}.Release|iPhoneSimulator.ActiveCfg = Release|x86
		{1CECC8A3-B4C2-4752-ADEF-3B1A8501FA64}.Release|x64.ActiveCfg = Release|x64
		{1CECC8A3-B4C2-4752-ADEF-3B1A8501FA64}.Release|x64.Build.0 = Release|x64
		{1CECC8A3-B4C2-4752-ADEF-3B1A8501FA64}.Release|x64.Deploy.0 = Release|x64
		{1CECC8A3-B4C2-4752-ADEF-3B1A8501FA64}.Release|x86.ActiveCfg = Release|x86
		{1CECC8A3-B4C2-4752-ADEF-3B1A8501FA64}.Release|x86.Build.0 = Release|x86
		{1CECC8A3-B4C2-4752-ADEF-3B1A8501FA64}.Release|x86.Deploy.0 = Release|x86
		{9C5BC909-E0D0-4B42-BDA9-F88890D2F7BF}.Ad-Hoc|Any CPU.ActiveCfg = Debug|Any CPU
		{9C5BC909-E0D0-4B42-BDA9-F88890D2F7BF}.Ad-Hoc|Any CPU.Build.0 = Debug|Any CPU
		{9C5BC909-E0D0-4B42-BDA9-F88890D2F7BF}.Ad-Hoc|ARM.ActiveCfg = Debug|Any CPU
		{9C5BC909-E0D0-4B42-BDA9-F88890D2F7BF}.Ad-Hoc|ARM.Build.0 = Debug|Any CPU
		{9C5BC909-E0D0-4B42-BDA9-F88890D2F7BF}.Ad-Hoc|iPhone.ActiveCfg = Debug|Any CPU
		{9C5BC909-E0D0-4B42-BDA9-F88890D2F7BF}.Ad-Hoc|iPhone.Build.0 = Debug|Any CPU
		{9C5BC909-E0D0-4B42-BDA9-F88890D2F7BF}.Ad-Hoc|iPhoneSimulator.ActiveCfg = Debug|Any CPU
		{9C5BC909-E0D0-4B42-BDA9-F88890D2F7BF}.Ad-Hoc|iPhoneSimulator.Build.0 = Debug|Any CPU
		{9C5BC909-E0D0-4B42-BDA9-F88890D2F7BF}.Ad-Hoc|x64.ActiveCfg = Debug|Any CPU
		{9C5BC909-E0D0-4B42-BDA9-F88890D2F7BF}.Ad-Hoc|x64.Build.0 = Debug|Any CPU
		{9C5BC909-E0D0-4B42-BDA9-F88890D2F7BF}.Ad-Hoc|x86.ActiveCfg = Debug|Any CPU
		{9C5BC909-E0D0-4B42-BDA9-F88890D2F7BF}.Ad-Hoc|x86.Build.0 = Debug|Any CPU
		{9C5BC909-E0D0-4B42-BDA9-F88890D2F7BF}.AppStore|Any CPU.ActiveCfg = Debug|Any CPU
		{9C5BC909-E0D0-4B42-BDA9-F88890D2F7BF}.AppStore|Any CPU.Build.0 = Debug|Any CPU
		{9C5BC909-E0D0-4B42-BDA9-F88890D2F7BF}.AppStore|ARM.ActiveCfg = Debug|Any CPU
		{9C5BC909-E0D0-4B42-BDA9-F88890D2F7BF}.AppStore|ARM.Build.0 = Debug|Any CPU
		{9C5BC909-E0D0-4B42-BDA9-F88890D2F7BF}.AppStore|iPhone.ActiveCfg = Debug|Any CPU
		{9C5BC909-E0D0-4B42-BDA9-F88890D2F7BF}.AppStore|iPhone.Build.0 = Debug|Any CPU
		{9C5BC909-E0D0-4B42-BDA9-F88890D2F7BF}.AppStore|iPhoneSimulator.ActiveCfg = Debug|Any CPU
		{9C5BC909-E0D0-4B42-BDA9-F88890D2F7BF}.AppStore|iPhoneSimulator.Build.0 = Debug|Any CPU
		{9C5BC909-E0D0-4B42-BDA9-F88890D2F7BF}.AppStore|x64.ActiveCfg = Debug|Any CPU
		{9C5BC909-E0D0-4B42-BDA9-F88890D2F7BF}.AppStore|x64.Build.0 = Debug|Any CPU
		{9C5BC909-E0D0-4B42-BDA9-F88890D2F7BF}.AppStore|x86.ActiveCfg = Debug|Any CPU
		{9C5BC909-E0D0-4B42-BDA9-F88890D2F7BF}.AppStore|x86.Build.0 = Debug|Any CPU
		{9C5BC909-E0D0-4B42-BDA9-F88890D2F7BF}.Debug|Any CPU.ActiveCfg = Debug|Any CPU
		{9C5BC909-E0D0-4B42-BDA9-F88890D2F7BF}.Debug|Any CPU.Build.0 = Debug|Any CPU
		{9C5BC909-E0D0-4B42-BDA9-F88890D2F7BF}.Debug|ARM.ActiveCfg = Debug|Any CPU
		{9C5BC909-E0D0-4B42-BDA9-F88890D2F7BF}.Debug|ARM.Build.0 = Debug|Any CPU
		{9C5BC909-E0D0-4B42-BDA9-F88890D2F7BF}.Debug|iPhone.ActiveCfg = Debug|Any CPU
		{9C5BC909-E0D0-4B42-BDA9-F88890D2F7BF}.Debug|iPhone.Build.0 = Debug|Any CPU
		{9C5BC909-E0D0-4B42-BDA9-F88890D2F7BF}.Debug|iPhoneSimulator.ActiveCfg = Debug|Any CPU
		{9C5BC909-E0D0-4B42-BDA9-F88890D2F7BF}.Debug|iPhoneSimulator.Build.0 = Debug|Any CPU
		{9C5BC909-E0D0-4B42-BDA9-F88890D2F7BF}.Debug|x64.ActiveCfg = Debug|Any CPU
		{9C5BC909-E0D0-4B42-BDA9-F88890D2F7BF}.Debug|x64.Build.0 = Debug|Any CPU
		{9C5BC909-E0D0-4B42-BDA9-F88890D2F7BF}.Debug|x86.ActiveCfg = Debug|Any CPU
		{9C5BC909-E0D0-4B42-BDA9-F88890D2F7BF}.Debug|x86.Build.0 = Debug|Any CPU
		{9C5BC909-E0D0-4B42-BDA9-F88890D2F7BF}.Release|Any CPU.ActiveCfg = Release|Any CPU
		{9C5BC909-E0D0-4B42-BDA9-F88890D2F7BF}.Release|Any CPU.Build.0 = Release|Any CPU
		{9C5BC909-E0D0-4B42-BDA9-F88890D2F7BF}.Release|ARM.ActiveCfg = Release|Any CPU
		{9C5BC909-E0D0-4B42-BDA9-F88890D2F7BF}.Release|ARM.Build.0 = Release|Any CPU
		{9C5BC909-E0D0-4B42-BDA9-F88890D2F7BF}.Release|iPhone.ActiveCfg = Release|Any CPU
		{9C5BC909-E0D0-4B42-BDA9-F88890D2F7BF}.Release|iPhone.Build.0 = Release|Any CPU
		{9C5BC909-E0D0-4B42-BDA9-F88890D2F7BF}.Release|iPhoneSimulator.ActiveCfg = Release|Any CPU
		{9C5BC909-E0D0-4B42-BDA9-F88890D2F7BF}.Release|iPhoneSimulator.Build.0 = Release|Any CPU
		{9C5BC909-E0D0-4B42-BDA9-F88890D2F7BF}.Release|x64.ActiveCfg = Release|Any CPU
		{9C5BC909-E0D0-4B42-BDA9-F88890D2F7BF}.Release|x64.Build.0 = Release|Any CPU
		{9C5BC909-E0D0-4B42-BDA9-F88890D2F7BF}.Release|x86.ActiveCfg = Release|Any CPU
		{9C5BC909-E0D0-4B42-BDA9-F88890D2F7BF}.Release|x86.Build.0 = Release|Any CPU
	EndGlobalSection
	GlobalSection(SolutionProperties) = preSolution
		HideSolutionNode = FALSE
	EndGlobalSection
	GlobalSection(ExtensibilityGlobals) = postSolution
		SolutionGuid = {94F10ED3-3153-497D-A4F3-DAD309DA03F5}
	EndGlobalSection
EndGlobal
